// !$*UTF8*$!
{
	archiveVersion = 1;
	classes = {
	};
	objectVersion = 46;
	objects = {

/* Begin PBXBuildFile section */
		D88C5F1D1B66E9FD0043B1D7 /* AppDelegate.swift in Sources */ = {isa = PBXBuildFile; fileRef = D88C5F1C1B66E9FD0043B1D7 /* AppDelegate.swift */; };
		D88C5F241B66E9FD0043B1D7 /* Main.storyboard in Resources */ = {isa = PBXBuildFile; fileRef = D88C5F221B66E9FD0043B1D7 /* Main.storyboard */; };
		D88C5F261B66E9FD0043B1D7 /* Images.xcassets in Resources */ = {isa = PBXBuildFile; fileRef = D88C5F251B66E9FD0043B1D7 /* Images.xcassets */; };
		D88C5F291B66E9FD0043B1D7 /* LaunchScreen.xib in Resources */ = {isa = PBXBuildFile; fileRef = D88C5F271B66E9FD0043B1D7 /* LaunchScreen.xib */; };
		D88C5F351B66E9FD0043B1D7 /* PhotoRollPlayerTests.swift in Sources */ = {isa = PBXBuildFile; fileRef = D88C5F341B66E9FD0043B1D7 /* PhotoRollPlayerTests.swift */; };
		D88C5F411B66EA750043B1D7 /* ViewController.swift in Sources */ = {isa = PBXBuildFile; fileRef = D88C5F401B66EA750043B1D7 /* ViewController.swift */; };
		D88C5F451B66EAA60043B1D7 /* PhotoButton.swift in Sources */ = {isa = PBXBuildFile; fileRef = D88C5F431B66EAA60043B1D7 /* PhotoButton.swift */; };
		D88C5F461B66EAA60043B1D7 /* PhotoRollPlayerView.swift in Sources */ = {isa = PBXBuildFile; fileRef = D88C5F441B66EAA60043B1D7 /* PhotoRollPlayerView.swift */; };
		D88C5F4C1B66EABE0043B1D7 /* 1.jpg in Resources */ = {isa = PBXBuildFile; fileRef = D88C5F481B66EABE0043B1D7 /* 1.jpg */; };
		D88C5F4D1B66EABE0043B1D7 /* 2.jpg in Resources */ = {isa = PBXBuildFile; fileRef = D88C5F491B66EABE0043B1D7 /* 2.jpg */; };
		D88C5F4E1B66EABE0043B1D7 /* 3.jpg in Resources */ = {isa = PBXBuildFile; fileRef = D88C5F4A1B66EABE0043B1D7 /* 3.jpg */; };
		D88C5F4F1B66EABE0043B1D7 /* 4.jpg in Resources */ = {isa = PBXBuildFile; fileRef = D88C5F4B1B66EABE0043B1D7 /* 4.jpg */; };
/* End PBXBuildFile section */

/* Begin PBXContainerItemProxy section */
		D88C5F2F1B66E9FD0043B1D7 /* PBXContainerItemProxy */ = {
			isa = PBXContainerItemProxy;
			containerPortal = D88C5F0F1B66E9FD0043B1D7 /* Project object */;
			proxyType = 1;
			remoteGlobalIDString = D88C5F161B66E9FD0043B1D7;
			remoteInfo = PhotoRollPlayer;
		};
/* End PBXContainerItemProxy section */

/* Begin PBXFileReference section */
		D88C5F171B66E9FD0043B1D7 /* PhotoRollPlayer.app */ = {isa = PBXFileReference; explicitFileType = wrapper.application; includeInIndex = 0; path = PhotoRollPlayer.app; sourceTree = BUILT_PRODUCTS_DIR; };
		D88C5F1B1B66E9FD0043B1D7 /* Info.plist */ = {isa = PBXFileReference; lastKnownFileType = text.plist.xml; path = Info.plist; sourceTree = "<group>"; };
		D88C5F1C1B66E9FD0043B1D7 /* AppDelegate.swift */ = {isa = PBXFileReference; lastKnownFileType = sourcecode.swift; path = AppDelegate.swift; sourceTree = "<group>"; };
		D88C5F231B66E9FD0043B1D7 /* Base */ = {isa = PBXFileReference; lastKnownFileType = file.storyboard; name = Base; path = Base.lproj/Main.storyboard; sourceTree = "<group>"; };
		D88C5F251B66E9FD0043B1D7 /* Images.xcassets */ = {isa = PBXFileReference; lastKnownFileType = folder.assetcatalog; path = Images.xcassets; sourceTree = "<group>"; };
		D88C5F281B66E9FD0043B1D7 /* Base */ = {isa = PBXFileReference; lastKnownFileType = file.xib; name = Base; path = Base.lproj/LaunchScreen.xib; sourceTree = "<group>"; };
		D88C5F2E1B66E9FD0043B1D7 /* PhotoRollPlayerTests.xctest */ = {isa = PBXFileReference; explicitFileType = wrapper.cfbundle; includeInIndex = 0; path = PhotoRollPlayerTests.xctest; sourceTree = BUILT_PRODUCTS_DIR; };
		D88C5F331B66E9FD0043B1D7 /* Info.plist */ = {isa = PBXFileReference; lastKnownFileType = text.plist.xml; path = Info.plist; sourceTree = "<group>"; };
		D88C5F341B66E9FD0043B1D7 /* PhotoRollPlayerTests.swift */ = {isa = PBXFileReference; lastKnownFileType = sourcecode.swift; path = PhotoRollPlayerTests.swift; sourceTree = "<group>"; };
		D88C5F401B66EA750043B1D7 /* ViewController.swift */ = {isa = PBXFileReference; fileEncoding = 4; lastKnownFileType = sourcecode.swift; path = ViewController.swift; sourceTree = "<group>"; };
		D88C5F431B66EAA60043B1D7 /* PhotoButton.swift */ = {isa = PBXFileReference; fileEncoding = 4; lastKnownFileType = sourcecode.swift; path = PhotoButton.swift; sourceTree = "<group>"; };
		D88C5F441B66EAA60043B1D7 /* PhotoRollPlayerView.swift */ = {isa = PBXFileReference; fileEncoding = 4; lastKnownFileType = sourcecode.swift; path = PhotoRollPlayerView.swift; sourceTree = "<group>"; };
		D88C5F481B66EABE0043B1D7 /* 1.jpg */ = {isa = PBXFileReference; lastKnownFileType = image.jpeg; path = 1.jpg; sourceTree = "<group>"; };
		D88C5F491B66EABE0043B1D7 /* 2.jpg */ = {isa = PBXFileReference; lastKnownFileType = image.jpeg; path = 2.jpg; sourceTree = "<group>"; };
		D88C5F4A1B66EABE0043B1D7 /* 3.jpg */ = {isa = PBXFileReference; lastKnownFileType = image.jpeg; path = 3.jpg; sourceTree = "<group>"; };
		D88C5F4B1B66EABE0043B1D7 /* 4.jpg */ = {isa = PBXFileReference; lastKnownFileType = image.jpeg; path = 4.jpg; sourceTree = "<group>"; };
/* End PBXFileReference section */

/* Begin PBXFrameworksBuildPhase section */
		D88C5F141B66E9FD0043B1D7 /* Frameworks */ = {
			isa = PBXFrameworksBuildPhase;
			buildActionMask = 2147483647;
			files = (
			);
			runOnlyForDeploymentPostprocessing = 0;
		};
		D88C5F2B1B66E9FD0043B1D7 /* Frameworks */ = {
			isa = PBXFrameworksBuildPhase;
			buildActionMask = 2147483647;
			files = (
			);
			runOnlyForDeploymentPostprocessing = 0;
		};
/* End PBXFrameworksBuildPhase section */

/* Begin PBXGroup section */
		D88C5F0E1B66E9FD0043B1D7 = {
			isa = PBXGroup;
			children = (
				D88C5F191B66E9FD0043B1D7 /* PhotoRollPlayer */,
				D88C5F311B66E9FD0043B1D7 /* PhotoRollPlayerTests */,
				D88C5F181B66E9FD0043B1D7 /* Products */,
			);
			sourceTree = "<group>";
		};
		D88C5F181B66E9FD0043B1D7 /* Products */ = {
			isa = PBXGroup;
			children = (
				D88C5F171B66E9FD0043B1D7 /* PhotoRollPlayer.app */,
				D88C5F2E1B66E9FD0043B1D7 /* PhotoRollPlayerTests.xctest */,
			);
			name = Products;
			sourceTree = "<group>";
		};
		D88C5F191B66E9FD0043B1D7 /* PhotoRollPlayer */ = {
			isa = PBXGroup;
			children = (
				D88C5F471B66EABE0043B1D7 /* Resource */,
				D88C5F421B66EAA60043B1D7 /* Classes */,
				D88C5F401B66EA750043B1D7 /* ViewController.swift */,
				D88C5F1C1B66E9FD0043B1D7 /* AppDelegate.swift */,
				D88C5F221B66E9FD0043B1D7 /* Main.storyboard */,
				D88C5F251B66E9FD0043B1D7 /* Images.xcassets */,
				D88C5F271B66E9FD0043B1D7 /* LaunchScreen.xib */,
				D88C5F1A1B66E9FD0043B1D7 /* Supporting Files */,
			);
			path = PhotoRollPlayer;
			sourceTree = "<group>";
		};
		D88C5F1A1B66E9FD0043B1D7 /* Supporting Files */ = {
			isa = PBXGroup;
			children = (
				D88C5F1B1B66E9FD0043B1D7 /* Info.plist */,
			);
			name = "Supporting Files";
			sourceTree = "<group>";
		};
		D88C5F311B66E9FD0043B1D7 /* PhotoRollPlayerTests */ = {
			isa = PBXGroup;
			children = (
				D88C5F341B66E9FD0043B1D7 /* PhotoRollPlayerTests.swift */,
				D88C5F321B66E9FD0043B1D7 /* Supporting Files */,
			);
			path = PhotoRollPlayerTests;
			sourceTree = "<group>";
		};
		D88C5F321B66E9FD0043B1D7 /* Supporting Files */ = {
			isa = PBXGroup;
			children = (
				D88C5F331B66E9FD0043B1D7 /* Info.plist */,
			);
			name = "Supporting Files";
			sourceTree = "<group>";
		};
		D88C5F421B66EAA60043B1D7 /* Classes */ = {
			isa = PBXGroup;
			children = (
				D88C5F431B66EAA60043B1D7 /* PhotoButton.swift */,
				D88C5F441B66EAA60043B1D7 /* PhotoRollPlayerView.swift */,
			);
			path = Classes;
			sourceTree = "<group>";
		};
		D88C5F471B66EABE0043B1D7 /* Resource */ = {
			isa = PBXGroup;
			children = (
				D88C5F481B66EABE0043B1D7 /* 1.jpg */,
				D88C5F491B66EABE0043B1D7 /* 2.jpg */,
				D88C5F4A1B66EABE0043B1D7 /* 3.jpg */,
				D88C5F4B1B66EABE0043B1D7 /* 4.jpg */,
			);
			path = Resource;
			sourceTree = "<group>";
		};
/* End PBXGroup section */

/* Begin PBXNativeTarget section */
		D88C5F161B66E9FD0043B1D7 /* PhotoRollPlayer */ = {
			isa = PBXNativeTarget;
			buildConfigurationList = D88C5F381B66E9FD0043B1D7 /* Build configuration list for PBXNativeTarget "PhotoRollPlayer" */;
			buildPhases = (
				D88C5F131B66E9FD0043B1D7 /* Sources */,
				D88C5F141B66E9FD0043B1D7 /* Frameworks */,
				D88C5F151B66E9FD0043B1D7 /* Resources */,
			);
			buildRules = (
			);
			dependencies = (
			);
			name = PhotoRollPlayer;
			productName = PhotoRollPlayer;
			productReference = D88C5F171B66E9FD0043B1D7 /* PhotoRollPlayer.app */;
			productType = "com.apple.product-type.application";
		};
		D88C5F2D1B66E9FD0043B1D7 /* PhotoRollPlayerTests */ = {
			isa = PBXNativeTarget;
			buildConfigurationList = D88C5F3B1B66E9FD0043B1D7 /* Build configuration list for PBXNativeTarget "PhotoRollPlayerTests" */;
			buildPhases = (
				D88C5F2A1B66E9FD0043B1D7 /* Sources */,
				D88C5F2B1B66E9FD0043B1D7 /* Frameworks */,
				D88C5F2C1B66E9FD0043B1D7 /* Resources */,
			);
			buildRules = (
			);
			dependencies = (
				D88C5F301B66E9FD0043B1D7 /* PBXTargetDependency */,
			);
			name = PhotoRollPlayerTests;
			productName = PhotoRollPlayerTests;
			productReference = D88C5F2E1B66E9FD0043B1D7 /* PhotoRollPlayerTests.xctest */;
			productType = "com.apple.product-type.bundle.unit-test";
		};
/* End PBXNativeTarget section */

/* Begin PBXProject section */
		D88C5F0F1B66E9FD0043B1D7 /* Project object */ = {
			isa = PBXProject;
			attributes = {
				LastUpgradeCheck = 0640;
				ORGANIZATIONNAME = "汪诗雨";
				TargetAttributes = {
					D88C5F161B66E9FD0043B1D7 = {
						CreatedOnToolsVersion = 6.4;
					};
					D88C5F2D1B66E9FD0043B1D7 = {
						CreatedOnToolsVersion = 6.4;
						TestTargetID = D88C5F161B66E9FD0043B1D7;
					};
				};
			};
			buildConfigurationList = D88C5F121B66E9FD0043B1D7 /* Build configuration list for PBXProject "PhotoRollPlayer" */;
			compatibilityVersion = "Xcode 3.2";
			developmentRegion = English;
			hasScannedForEncodings = 0;
			knownRegions = (
				en,
				Base,
			);
			mainGroup = D88C5F0E1B66E9FD0043B1D7;
			productRefGroup = D88C5F181B66E9FD0043B1D7 /* Products */;
			projectDirPath = "";
			projectRoot = "";
			targets = (
				D88C5F161B66E9FD0043B1D7 /* PhotoRollPlayer */,
				D88C5F2D1B66E9FD0043B1D7 /* PhotoRollPlayerTests */,
			);
		};
/* End PBXProject section */

/* Begin PBXResourcesBuildPhase section */
		D88C5F151B66E9FD0043B1D7 /* Resources */ = {
			isa = PBXResourcesBuildPhase;
			buildActionMask = 2147483647;
			files = (
				D88C5F241B66E9FD0043B1D7 /* Main.storyboard in Resources */,
				D88C5F4F1B66EABE0043B1D7 /* 4.jpg in Resources */,
				D88C5F4C1B66EABE0043B1D7 /* 1.jpg in Resources */,
				D88C5F4D1B66EABE0043B1D7 /* 2.jpg in Resources */,
				D88C5F4E1B66EABE0043B1D7 /* 3.jpg in Resources */,
				D88C5F291B66E9FD0043B1D7 /* LaunchScreen.xib in Resources */,
				D88C5F261B66E9FD0043B1D7 /* Images.xcassets in Resources */,
			);
			runOnlyForDeploymentPostprocessing = 0;
		};
		D88C5F2C1B66E9FD0043B1D7 /* Resources */ = {
			isa = PBXResourcesBuildPhase;
			buildActionMask = 2147483647;
			files = (
			);
			runOnlyForDeploymentPostprocessing = 0;
		};
/* End PBXResourcesBuildPhase section */

/* Begin PBXSourcesBuildPhase section */
		D88C5F131B66E9FD0043B1D7 /* Sources */ = {
			isa = PBXSourcesBuildPhase;
			buildActionMask = 2147483647;
			files = (
				D88C5F411B66EA750043B1D7 /* ViewController.swift in Sources */,
				D88C5F451B66EAA60043B1D7 /* PhotoButton.swift in Sources */,
				D88C5F1D1B66E9FD0043B1D7 /* AppDelegate.swift in Sources */,
				D88C5F461B66EAA60043B1D7 /* PhotoRollPlayerView.swift in Sources */,
			);
			runOnlyForDeploymentPostprocessing = 0;
		};
		D88C5F2A1B66E9FD0043B1D7 /* Sources */ = {
			isa = PBXSourcesBuildPhase;
			buildActionMask = 2147483647;
			files = (
				D88C5F351B66E9FD0043B1D7 /* PhotoRollPlayerTests.swift in Sources */,
			);
			runOnlyForDeploymentPostprocessing = 0;
		};
/* End PBXSourcesBuildPhase section */

/* Begin PBXTargetDependency section */
		D88C5F301B66E9FD0043B1D7 /* PBXTargetDependency */ = {
			isa = PBXTargetDependency;
			target = D88C5F161B66E9FD0043B1D7 /* PhotoRollPlayer */;
			targetProxy = D88C5F2F1B66E9FD0043B1D7 /* PBXContainerItemProxy */;
		};
/* End PBXTargetDependency section */

/* Begin PBXVariantGroup section */
		D88C5F221B66E9FD0043B1D7 /* Main.storyboard */ = {
			isa = PBXVariantGroup;
			children = (
				D88C5F231B66E9FD0043B1D7 /* Base */,
			);
			name = Main.storyboard;
			sourceTree = "<group>";
		};
		D88C5F271B66E9FD0043B1D7 /* LaunchScreen.xib */ = {
			isa = PBXVariantGroup;
			children = (
				D88C5F281B66E9FD0043B1D7 /* Base */,
			);
			name = LaunchScreen.xib;
			sourceTree = "<group>";
		};
/* End PBXVariantGroup section */

/* Begin XCBuildConfiguration section */
		D88C5F361B66E9FD0043B1D7 /* Debug */ = {
			isa = XCBuildConfiguration;
			buildSettings = {
				ALWAYS_SEARCH_USER_PATHS = NO;
				CLANG_CXX_LANGUAGE_STANDARD = "gnu++0x";
				CLANG_CXX_LIBRARY = "libc++";
				CLANG_ENABLE_MODULES = YES;
				CLANG_ENABLE_OBJC_ARC = YES;
				CLANG_WARN_BOOL_CONVERSION = YES;
				CLANG_WARN_CONSTANT_CONVERSION = YES;
				CLANG_WARN_DIRECT_OBJC_ISA_USAGE = YES_ERROR;
				CLANG_WARN_EMPTY_BODY = YES;
				CLANG_WARN_ENUM_CONVERSION = YES;
				CLANG_WARN_INT_CONVERSION = YES;
				CLANG_WARN_OBJC_ROOT_CLASS = YES_ERROR;
				CLANG_WARN_UNREACHABLE_CODE = YES;
				CLANG_WARN__DUPLICATE_METHOD_MATCH = YES;
				"CODE_SIGN_IDENTITY[sdk=iphoneos*]" = "iPhone Developer";
				COPY_PHASE_STRIP = NO;
				DEBUG_INFORMATION_FORMAT = "dwarf-with-dsym";
				ENABLE_STRICT_OBJC_MSGSEND = YES;
				GCC_C_LANGUAGE_STANDARD = gnu99;
				GCC_DYNAMIC_NO_PIC = NO;
				GCC_NO_COMMON_BLOCKS = YES;
				GCC_OPTIMIZATION_LEVEL = 0;
				GCC_PREPROCESSOR_DEFINITIONS = (
					"DEBUG=1",
					"$(inherited)",
				);
				GCC_SYMBOLS_PRIVATE_EXTERN = NO;
				GCC_WARN_64_TO_32_BIT_CONVERSION = YES;
				GCC_WARN_ABOUT_RETURN_TYPE = YES_ERROR;
				GCC_WARN_UNDECLARED_SELECTOR = YES;
				GCC_WARN_UNINITIALIZED_AUTOS = YES_AGGRESSIVE;
				GCC_WARN_UNUSED_FUNCTION = YES;
				GCC_WARN_UNUSED_VARIABLE = YES;
				IPHONEOS_DEPLOYMENT_TARGET = 8.4;
				MTL_ENABLE_DEBUG_INFO = YES;
				ONLY_ACTIVE_ARCH = YES;
				SDKROOT = iphoneos;
				SWIFT_OPTIMIZATION_LEVEL = "-Onone";
				TARGETED_DEVICE_FAMILY = "1,2";
			};
			name = Debug;
		};
		D88C5F371B66E9FD0043B1D7 /* Release */ = {
			isa = XCBuildConfiguration;
			buildSettings = {
				ALWAYS_SEARCH_USER_PATHS = NO;
				CLANG_CXX_LANGUAGE_STANDARD = "gnu++0x";
				CLANG_CXX_LIBRARY = "libc++";
				CLANG_ENABLE_MODULES = YES;
				CLANG_ENABLE_OBJC_ARC = YES;
				CLANG_WARN_BOOL_CONVERSION = YES;
				CLANG_WARN_CONSTANT_CONVERSION = YES;
				CLANG_WARN_DIRECT_OBJC_ISA_USAGE = YES_ERROR;
				CLANG_WARN_EMPTY_BODY = YES;
				CLANG_WARN_ENUM_CONVERSION = YES;
				CLANG_WARN_INT_CONVERSION = YES;
				CLANG_WARN_OBJC_ROOT_CLASS = YES_ERROR;
				CLANG_WARN_UNREACHABLE_CODE = YES;
				CLANG_WARN__DUPLICATE_METHOD_MATCH = YES;
				"CODE_SIGN_IDENTITY[sdk=iphoneos*]" = "iPhone Developer";
				COPY_PHASE_STRIP = NO;
				DEBUG_INFORMATION_FORMAT = "dwarf-with-dsym";
				ENABLE_NS_ASSERTIONS = NO;
				ENABLE_STRICT_OBJC_MSGSEND = YES;
				GCC_C_LANGUAGE_STANDARD = gnu99;
				GCC_NO_COMMON_BLOCKS = YES;
				GCC_WARN_64_TO_32_BIT_CONVERSION = YES;
				GCC_WARN_ABOUT_RETURN_TYPE = YES_ERROR;
				GCC_WARN_UNDECLARED_SELECTOR = YES;
				GCC_WARN_UNINITIALIZED_AUTOS = YES_AGGRESSIVE;
				GCC_WARN_UNUSED_FUNCTION = YES;
				GCC_WARN_UNUSED_VARIABLE = YES;
				IPHONEOS_DEPLOYMENT_TARGET = 8.4;
				MTL_ENABLE_DEBUG_INFO = NO;
				SDKROOT = iphoneos;
				TARGETED_DEVICE_FAMILY = "1,2";
				VALIDATE_PRODUCT = YES;
			};
			name = Release;
		};
		D88C5F391B66E9FD0043B1D7 /* Debug */ = {
			isa = XCBuildConfiguration;
			buildSettings = {
				ASSETCATALOG_COMPILER_APPICON_NAME = AppIcon;
				INFOPLIST_FILE = PhotoRollPlayer/Info.plist;
				LD_RUNPATH_SEARCH_PATHS = "$(inherited) @executable_path/Frameworks";
				PRODUCT_NAME = "$(TARGET_NAME)";
			};
			name = Debug;
		};
		D88C5F3A1B66E9FD0043B1D7 /* Release */ = {
			isa = XCBuildConfiguration;
			buildSettings = {
				ASSETCATALOG_COMPILER_APPICON_NAME = AppIcon;
				INFOPLIST_FILE = PhotoRollPlayer/Info.plist;
				LD_RUNPATH_SEARCH_PATHS = "$(inherited) @executable_path/Frameworks";
				PRODUCT_NAME = "$(TARGET_NAME)";
			};
			name = Release;
		};
		D88C5F3C1B66E9FD0043B1D7 /* Debug */ = {
			isa = XCBuildConfiguration;
			buildSettings = {
				BUNDLE_LOADER = "$(TEST_HOST)";
				FRAMEWORK_SEARCH_PATHS = (
					"$(SDKROOT)/Developer/Library/Frameworks",
					"$(inherited)",
				);
				GCC_PREPROCESSOR_DEFINITIONS = (
					"DEBUG=1",
					"$(inherited)",
				);
				INFOPLIST_FILE = PhotoRollPlayerTests/Info.plist;
				LD_RUNPATH_SEARCH_PATHS = "$(inherited) @executable_path/Frameworks @loader_path/Frameworks";
				PRODUCT_NAME = "$(TARGET_NAME)";
				TEST_HOST = "$(BUILT_PRODUCTS_DIR)/PhotoRollPlayer.app/PhotoRollPlayer";
			};
			name = Debug;
		};
		D88C5F3D1B66E9FD0043B1D7 /* Release */ = {
			isa = XCBuildConfiguration;
			buildSettings = {
				BUNDLE_LOADER = "$(TEST_HOST)";
				FRAMEWORK_SEARCH_PATHS = (
					"$(SDKROOT)/Developer/Library/Frameworks",
					"$(inherited)",
				);
				INFOPLIST_FILE = PhotoRollPlayerTests/Info.plist;
				LD_RUNPATH_SEARCH_PATHS = "$(inherited) @executable_path/Frameworks @loader_path/Frameworks";
				PRODUCT_NAME = "$(TARGET_NAME)";
				TEST_HOST = "$(BUILT_PRODUCTS_DIR)/PhotoRollPlayer.app/PhotoRollPlayer";
			};
			name = Release;
		};
/* End XCBuildConfiguration section */

/* Begin XCConfigurationList section */
		D88C5F121B66E9FD0043B1D7 /* Build configuration list for PBXProject "PhotoRollPlayer" */ = {
			isa = XCConfigurationList;
			buildConfigurations = (
				D88C5F361B66E9FD0043B1D7 /* Debug */,
				D88C5F371B66E9FD0043B1D7 /* Release */,
			);
			defaultConfigurationIsVisible = 0;
			defaultConfigurationName = Release;
		};
		D88C5F381B66E9FD0043B1D7 /* Build configuration list for PBXNativeTarget "PhotoRollPlayer" */ = {
			isa = XCConfigurationList;
			buildConfigurations = (
				D88C5F391B66E9FD0043B1D7 /* Debug */,
				D88C5F3A1B66E9FD0043B1D7 /* Release */,
			);
			defaultConfigurationIsVisible = 0;
		};
		D88C5F3B1B66E9FD0043B1D7 /* Build configuration list for PBXNativeTarget "PhotoRollPlayerTests" */ = {
			isa = XCConfigurationList;
			buildConfigurations = (
				D88C5F3C1B66E9FD0043B1D7 /* Debug */,
				D88C5F3D1B66E9FD0043B1D7 /* Release */,
			);
			defaultConfigurationIsVisible = 0;
		};
/* End XCConfigurationList section */
	};
	rootObject = D88C5F0F1B66E9FD0043B1D7 /* Project object */;
}
